
Microsoft Visual Studio Solution File, Format Version 12.00
# Visual Studio Version 17
VisualStudioVersion = 17.13.35825.156 d17.13
MinimumVisualStudioVersion = 10.0.40219.1
Project("{FAE04EC0-301F-11D3-BF4B-00C04F79EFBC}") = "AppointmentScheduler", "AppointmentScheduler\AppointmentScheduler.csproj", "{30D440F1-6EED-4B69-AFB5-13E0AEC46502}"
EndProject
Global
	GlobalSection(SolutionConfigurationPlatforms) = preSolution
		Debug|Any CPU = Debug|Any CPU
		Release|Any CPU = Release|Any CPU
	EndGlobalSection
	GlobalSection(ProjectConfigurationPlatforms) = postSolution
		{30D440F1-6EED-4B69-AFB5-13E0AEC46502}.Debug|Any CPU.ActiveCfg = Debug|Any CPU
		{30D440F1-6EED-4B69-AFB5-13E0AEC46502}.Debug|Any CPU.Build.0 = Debug|Any CPU
		{30D440F1-6EED-4B69-AFB5-13E0AEC46502}.Release|Any CPU.ActiveCfg = Release|Any CPU
		{30D440F1-6EED-4B69-AFB5-13E0AEC46502}.Release|Any CPU.Build.0 = Release|Any CPU
	EndGlobalSection
	GlobalSection(SolutionProperties) = preSolution
		HideSolutionNode = FALSE
	EndGlobalSection
	GlobalSection(ExtensibilityGlobals) = postSolution
		SolutionGuid = {FA1F4FCB-3887-4767-A2DF-01C04818C7D1}
	EndGlobalSection
EndGlobal
